
Microsoft Visual Studio Solution File, Format Version 12.00
# Visual Studio Version 16
VisualStudioVersion = 16.0.32228.343
MinimumVisualStudioVersion = 10.0.40219.1
Project("{FAE04EC0-301F-11D3-BF4B-00C04F79EFBC}") = "ChatAppConsoleServer", "ChatAppConsoleServer.csproj", "{7455549C-9118-4603-AE41-9BA548893144}"
EndProject
Global
	GlobalSection(SolutionConfigurationPlatforms) = preSolution
		Debug|Any CPU = Debug|Any CPU
		Release|Any CPU = Release|Any CPU
	EndGlobalSection
	GlobalSection(ProjectConfigurationPlatforms) = postSolution
		{7455549C-9118-4603-AE41-9BA548893144}.Debug|Any CPU.ActiveCfg = Debug|Any CPU
		{7455549C-9118-4603-AE41-9BA548893144}.Debug|Any CPU.Build.0 = Debug|Any CPU
		{7455549C-9118-4603-AE41-9BA548893144}.Release|Any CPU.ActiveCfg = Release|Any CPU
		{7455549C-9118-4603-AE41-9BA548893144}.Release|Any CPU.Build.0 = Release|Any CPU
	EndGlobalSection
	GlobalSection(SolutionProperties) = preSolution
		HideSolutionNode = FALSE
	EndGlobalSection
	GlobalSection(ExtensibilityGlobals) = postSolution
		SolutionGuid = {0097BF00-443E-41D8-BB45-A192EE39B980}
	EndGlobalSection
EndGlobal
